dependencies:
- name: postgresql
  repository: oci://registry-1.docker.io/bitnamicharts
  version: 18.6.6
- name: redis
  repository: oci://registry-1.docker.io/bitnamicharts
  version: 25.5.3
- name: replicated
  repository: oci://registry.replicated.com/library
  version: 1.19.11
digest: sha256:64ae800e20eb0d008fdbb78e6138aa43311ae7a8a2493fe1a0acb33013a4c55e
generated: "2026-09-24T23:05:32.001997998Z"
