dependencies:
- name: postgresql
  repository: oci://registry-1.docker.io/bitnamicharts
  version: 18.5.15
- name: redis
  repository: oci://registry-1.docker.io/bitnamicharts
  version: 25.3.9
- name: replicated-sdk
  repository: oci://registry.replicated.com/library
  version: 1.0.0-beta.33
digest: sha256:b8e6c38e30eb9bbb242a176a885024cd9b867f9ee47d5f57b57a1b10f1f8aef4
generated: "2026-04-07T06:13:01.375515-07:00"
