dependencies:
- name: postgresql
  repository: oci://registry-1.docker.io/bitnamicharts
  version: 18.12.2
- name: redis
  repository: oci://registry-1.docker.io/bitnamicharts
  version: 25.5.3
- name: replicated
  repository: oci://registry.replicated.com/library
  version: 1.19.4
digest: sha256:4a0cc40c1b6636e5f2b7b60e520fbab710c5bb9a94f4672fa52f86f541d1f36d
generated: "2026-09-25T20:25:56.541539115Z"
